
Microsoft Visual Studio Solution File, Format Version 12.00
# Visual Studio Version 18
VisualStudioVersion = 18.8.12023.21 stable
MinimumVisualStudioVersion = 10.0.40219.1
Project("{FAE04EC0-301F-11D3-BF4B-00C04F79EFBC}") = "CollegeERP.Api", "src\CollegeERP.Api\CollegeERP.Api.csproj", "{A1F19D45-8C6E-4F12-A9BB-4D4337AB8F20}"
EndProject
Global
	GlobalSection(SolutionConfigurationPlatforms) = preSolution
		Debug|Any CPU = Debug|Any CPU
		Release|Any CPU = Release|Any CPU
	EndGlobalSection
	GlobalSection(ProjectConfigurationPlatforms) = postSolution
		{A1F19D45-8C6E-4F12-A9BB-4D4337AB8F20}.Debug|Any CPU.ActiveCfg = Debug|Any CPU
		{A1F19D45-8C6E-4F12-A9BB-4D4337AB8F20}.Debug|Any CPU.Build.0 = Debug|Any CPU
		{A1F19D45-8C6E-4F12-A9BB-4D4337AB8F20}.Release|Any CPU.ActiveCfg = Release|Any CPU
		{A1F19D45-8C6E-4F12-A9BB-4D4337AB8F20}.Release|Any CPU.Build.0 = Release|Any CPU
	EndGlobalSection
	GlobalSection(SolutionProperties) = preSolution
		HideSolutionNode = FALSE
	EndGlobalSection
EndGlobal
